
Microsoft Visual Studio Solution File, Format Version 12.00
Project("{FAE04EC0-301F-11D3-BF4B-00C04F79EFBC}") = "mininal-api", "mininal-api\mininal-api.csproj", "{E3FE7870-1626-45C0-95A4-60ABA2828935}"
EndProject
Global
	GlobalSection(SolutionConfigurationPlatforms) = preSolution
		Debug|Any CPU = Debug|Any CPU
		Release|Any CPU = Release|Any CPU
	EndGlobalSection
	GlobalSection(ProjectConfigurationPlatforms) = postSolution
		{E3FE7870-1626-45C0-95A4-60ABA2828935}.Debug|Any CPU.ActiveCfg = Debug|Any CPU
		{E3FE7870-1626-45C0-95A4-60ABA2828935}.Debug|Any CPU.Build.0 = Debug|Any CPU
		{E3FE7870-1626-45C0-95A4-60ABA2828935}.Release|Any CPU.ActiveCfg = Release|Any CPU
		{E3FE7870-1626-45C0-95A4-60ABA2828935}.Release|Any CPU.Build.0 = Release|Any CPU
	EndGlobalSection
EndGlobal
